
Microsoft Visual Studio Solution File, Format Version 12.00
# Visual Studio Version 16
VisualStudioVersion = 16.0.31321.278
MinimumVisualStudioVersion = 10.0.40219.1
Project("{FAE04EC0-301F-11D3-BF4B-00C04F79EFBC}") = "CRUD05", "CRUD05\CRUD05.csproj", "{347686B8-5106-45E9-B29A-6BF8C6EE397E}"
EndProject
Global
	GlobalSection(SolutionConfigurationPlatforms) = preSolution
		Debug|Any CPU = Debug|Any CPU
		Release|Any CPU = Release|Any CPU
	EndGlobalSection
	GlobalSection(ProjectConfigurationPlatforms) = postSolution
		{347686B8-5106-45E9-B29A-6BF8C6EE397E}.Debug|Any CPU.ActiveCfg = Debug|Any CPU
		{347686B8-5106-45E9-B29A-6BF8C6EE397E}.Debug|Any CPU.Build.0 = Debug|Any CPU
		{347686B8-5106-45E9-B29A-6BF8C6EE397E}.Release|Any CPU.ActiveCfg = Release|Any CPU
		{347686B8-5106-45E9-B29A-6BF8C6EE397E}.Release|Any CPU.Build.0 = Release|Any CPU
	EndGlobalSection
	GlobalSection(SolutionProperties) = preSolution
		HideSolutionNode = FALSE
	EndGlobalSection
	GlobalSection(ExtensibilityGlobals) = postSolution
		SolutionGuid = {738F4CBD-395B-4CD2-9A12-0D1809C64585}
	EndGlobalSection
EndGlobal
