
Microsoft Visual Studio Solution File, Format Version 12.00
# Visual Studio Version 16
VisualStudioVersion = 16.0.31321.278
MinimumVisualStudioVersion = 10.0.40219.1
Project("{FAE04EC0-301F-11D3-BF4B-00C04F79EFBC}") = "CRUD02", "CRUD02\CRUD02.csproj", "{A32B7D76-C551-401F-AD16-26CFF8AEACD8}"
EndProject
Global
	GlobalSection(SolutionConfigurationPlatforms) = preSolution
		Debug|Any CPU = Debug|Any CPU
		Release|Any CPU = Release|Any CPU
	EndGlobalSection
	GlobalSection(ProjectConfigurationPlatforms) = postSolution
		{A32B7D76-C551-401F-AD16-26CFF8AEACD8}.Debug|Any CPU.ActiveCfg = Debug|Any CPU
		{A32B7D76-C551-401F-AD16-26CFF8AEACD8}.Debug|Any CPU.Build.0 = Debug|Any CPU
		{A32B7D76-C551-401F-AD16-26CFF8AEACD8}.Release|Any CPU.ActiveCfg = Release|Any CPU
		{A32B7D76-C551-401F-AD16-26CFF8AEACD8}.Release|Any CPU.Build.0 = Release|Any CPU
	EndGlobalSection
	GlobalSection(SolutionProperties) = preSolution
		HideSolutionNode = FALSE
	EndGlobalSection
	GlobalSection(ExtensibilityGlobals) = postSolution
		SolutionGuid = {0AC48BE7-9AE2-400E-96F3-C810EF6F1E01}
	EndGlobalSection
EndGlobal
